
Microsoft Visual Studio Solution File, Format Version 12.00
# Visual Studio Version 17
VisualStudioVersion = 17.5.33516.290
MinimumVisualStudioVersion = 10.0.40219.1
Project("{FAE04EC0-301F-11D3-BF4B-00C04F79EFBC}") = "InventoryService", "InventoryService\InventoryService.csproj", "{2048A481-9C5A-465B-8CD6-C8AF64CDE319}"
EndProject
Global
	GlobalSection(SolutionConfigurationPlatforms) = preSolution
		Debug|Any CPU = Debug|Any CPU
		Release|Any CPU = Release|Any CPU
	EndGlobalSection
	GlobalSection(ProjectConfigurationPlatforms) = postSolution
		{2048A481-9C5A-465B-8CD6-C8AF64CDE319}.Debug|Any CPU.ActiveCfg = Debug|Any CPU
		{2048A481-9C5A-465B-8CD6-C8AF64CDE319}.Debug|Any CPU.Build.0 = Debug|Any CPU
		{2048A481-9C5A-465B-8CD6-C8AF64CDE319}.Release|Any CPU.ActiveCfg = Release|Any CPU
		{2048A481-9C5A-465B-8CD6-C8AF64CDE319}.Release|Any CPU.Build.0 = Release|Any CPU
	EndGlobalSection
	GlobalSection(SolutionProperties) = preSolution
		HideSolutionNode = FALSE
	EndGlobalSection
	GlobalSection(ExtensibilityGlobals) = postSolution
		SolutionGuid = {1335965F-208E-4A34-9A6E-6531C0E84C2E}
	EndGlobalSection
EndGlobal
